
Microsoft Visual Studio Solution File, Format Version 12.00
Project("{FAE04EC0-301F-11D3-BF4B-00C04F79EFBC}") = "NServiceBus.CustomChecks.Http", "src\NServiceBus.CustomChecks.Http\NServiceBus.CustomChecks.Http.csproj", "{67D25672-325F-429B-B771-6429E48B0A5B}"
EndProject
Global
	GlobalSection(SolutionConfigurationPlatforms) = preSolution
		Debug|Any CPU = Debug|Any CPU
		Release|Any CPU = Release|Any CPU
	EndGlobalSection
	GlobalSection(ProjectConfigurationPlatforms) = postSolution
		{67D25672-325F-429B-B771-6429E48B0A5B}.Debug|Any CPU.ActiveCfg = Debug|Any CPU
		{67D25672-325F-429B-B771-6429E48B0A5B}.Debug|Any CPU.Build.0 = Debug|Any CPU
		{67D25672-325F-429B-B771-6429E48B0A5B}.Release|Any CPU.ActiveCfg = Release|Any CPU
		{67D25672-325F-429B-B771-6429E48B0A5B}.Release|Any CPU.Build.0 = Release|Any CPU
	EndGlobalSection
EndGlobal
